// !$*UTF8*$!
{
	archiveVersion = 1;
	classes = {
	};
	objectVersion = 46;
	objects = {

/* Begin PBXBuildFile section */
		4E0208A71C1128740079868D /* main.m in Sources */ = {isa = PBXBuildFile; fileRef = 4E0208A61C1128740079868D /* main.m */; };
		4E0208AA1C1128740079868D /* AppDelegate.m in Sources */ = {isa = PBXBuildFile; fileRef = 4E0208A91C1128740079868D /* AppDelegate.m */; };
		4E0208AD1C1128740079868D /* ViewController.m in Sources */ = {isa = PBXBuildFile; fileRef = 4E0208AC1C1128740079868D /* ViewController.m */; };
		4E0208B01C1128740079868D /* Main.storyboard in Resources */ = {isa = PBXBuildFile; fileRef = 4E0208AE1C1128740079868D /* Main.storyboard */; };
		4E0208B21C1128740079868D /* Images.xcassets in Resources */ = {isa = PBXBuildFile; fileRef = 4E0208B11C1128740079868D /* Images.xcassets */; };
		4E0208B51C1128740079868D /* LaunchScreen.xib in Resources */ = {isa = PBXBuildFile; fileRef = 4E0208B31C1128740079868D /* LaunchScreen.xib */; };
		4E0208C11C1128740079868D /* MyFirstGitHubTests.m in Sources */ = {isa = PBXBuildFile; fileRef = 4E0208C01C1128740079868D /* MyFirstGitHubTests.m */; };
/* End PBXBuildFile section */

/* Begin PBXContainerItemProxy section */
		4E0208BB1C1128740079868D /* PBXContainerItemProxy */ = {
			isa = PBXContainerItemProxy;
			containerPortal = 4E0208991C1128740079868D /* Project object */;
			proxyType = 1;
			remoteGlobalIDString = 4E0208A01C1128740079868D;
			remoteInfo = MyFirstGitHub;
		};
/* End PBXContainerItemProxy section */

/* Begin PBXFileReference section */
		4E0208A11C1128740079868D /* MyFirstGitHub.app */ = {isa = PBXFileReference; explicitFileType = wrapper.application; includeInIndex = 0; path = MyFirstGitHub.app; sourceTree = BUILT_PRODUCTS_DIR; };
		4E0208A51C1128740079868D /* Info.plist */ = {isa = PBXFileReference; lastKnownFileType = text.plist.xml; path = Info.plist; sourceTree = "<group>"; };
		4E0208A61C1128740079868D /* main.m */ = {isa = PBXFileReference; lastKnownFileType = sourcecode.c.objc; path = main.m; sourceTree = "<group>"; };
		4E0208A81C1128740079868D /* AppDelegate.h */ = {isa = PBXFileReference; lastKnownFileType = sourcecode.c.h; path = AppDelegate.h; sourceTree = "<group>"; };
		4E0208A91C1128740079868D /* AppDelegate.m */ = {isa = PBXFileReference; lastKnownFileType = sourcecode.c.objc; path = AppDelegate.m; sourceTree = "<group>"; };
		4E0208AB1C1128740079868D /* ViewController.h */ = {isa = PBXFileReference; lastKnownFileType = sourcecode.c.h; path = ViewController.h; sourceTree = "<group>"; };
		4E0208AC1C1128740079868D /* ViewController.m */ = {isa = PBXFileReference; lastKnownFileType = sourcecode.c.objc; path = ViewController.m; sourceTree = "<group>"; };
		4E0208AF1C1128740079868D /* Base */ = {isa = PBXFileReference; lastKnownFileType = file.storyboard; name = Base; path = Base.lproj/Main.storyboard; sourceTree = "<group>"; };
		4E0208B11C1128740079868D /* Images.xcassets */ = {isa = PBXFileReference; lastKnownFileType = folder.assetcatalog; path = Images.xcassets; sourceTree = "<group>"; };
		4E0208B41C1128740079868D /* Base */ = {isa = PBXFileReference; lastKnownFileType = file.xib; name = Base; path = Base.lproj/LaunchScreen.xib; sourceTree = "<group>"; };
		4E0208BA1C1128740079868D /* MyFirstGitHubTests.xctest */ = {isa = PBXFileReference; explicitFileType = wrapper.cfbundle; includeInIndex = 0; path = MyFirstGitHubTests.xctest; sourceTree = BUILT_PRODUCTS_DIR; };
		4E0208BF1C1128740079868D /* Info.plist */ = {isa = PBXFileReference; lastKnownFileType = text.plist.xml; path = Info.plist; sourceTree = "<group>"; };
		4E0208C01C1128740079868D /* MyFirstGitHubTests.m */ = {isa = PBXFileReference; lastKnownFileType = sourcecode.c.objc; path = MyFirstGitHubTests.m; sourceTree = "<group>"; };
/* End PBXFileReference section */

/* Begin PBXFrameworksBuildPhase section */
		4E02089E1C1128740079868D /* Frameworks */ = {
			isa = PBXFrameworksBuildPhase;
			buildActionMask = 2147483647;
			files = (
			);
			runOnlyForDeploymentPostprocessing = 0;
		};
		4E0208B71C1128740079868D /* Frameworks */ = {
			isa = PBXFrameworksBuildPhase;
			buildActionMask = 2147483647;
			files = (
			);
			runOnlyForDeploymentPostprocessing = 0;
		};
/* End PBXFrameworksBuildPhase section */

/* Begin PBXGroup section */
		4E0208981C1128740079868D = {
			isa = PBXGroup;
			children = (
				4E0208A31C1128740079868D /* MyFirstGitHub */,
				4E0208BD1C1128740079868D /* MyFirstGitHubTests */,
				4E0208A21C1128740079868D /* Products */,
			);
			sourceTree = "<group>";
		};
		4E0208A21C1128740079868D /* Products */ = {
			isa = PBXGroup;
			children = (
				4E0208A11C1128740079868D /* MyFirstGitHub.app */,
				4E0208BA1C1128740079868D /* MyFirstGitHubTests.xctest */,
			);
			name = Products;
			sourceTree = "<group>";
		};
		4E0208A31C1128740079868D /* MyFirstGitHub */ = {
			isa = PBXGroup;
			children = (
				4E0208A81C1128740079868D /* AppDelegate.h */,
				4E0208A91C1128740079868D /* AppDelegate.m */,
				4E0208AB1C1128740079868D /* ViewController.h */,
				4E0208AC1C1128740079868D /* ViewController.m */,
				4E0208AE1C1128740079868D /* Main.storyboard */,
				4E0208B11C1128740079868D /* Images.xcassets */,
				4E0208B31C1128740079868D /* LaunchScreen.xib */,
				4E0208A41C1128740079868D /* Supporting Files */,
			);
			path = MyFirstGitHub;
			sourceTree = "<group>";
		};
		4E0208A41C1128740079868D /* Supporting Files */ = {
			isa = PBXGroup;
			children = (
				4E0208A51C1128740079868D /* Info.plist */,
				4E0208A61C1128740079868D /* main.m */,
			);
			name = "Supporting Files";
			sourceTree = "<group>";
		};
		4E0208BD1C1128740079868D /* MyFirstGitHubTests */ = {
			isa = PBXGroup;
			children = (
				4E0208C01C1128740079868D /* MyFirstGitHubTests.m */,
				4E0208BE1C1128740079868D /* Supporting Files */,
			);
			path = MyFirstGitHubTests;
			sourceTree = "<group>";
		};
		4E0208BE1C1128740079868D /* Supporting Files */ = {
			isa = PBXGroup;
			children = (
				4E0208BF1C1128740079868D /* Info.plist */,
			);
			name = "Supporting Files";
			sourceTree = "<group>";
		};
/* End PBXGroup section */

/* Begin PBXNativeTarget section */
		4E0208A01C1128740079868D /* MyFirstGitHub */ = {
			isa = PBXNativeTarget;
			buildConfigurationList = 4E0208C41C1128740079868D /* Build configuration list for PBXNativeTarget "MyFirstGitHub" */;
			buildPhases = (
				4E02089D1C1128740079868D /* Sources */,
				4E02089E1C1128740079868D /* Frameworks */,
				4E02089F1C1128740079868D /* Resources */,
			);
			buildRules = (
			);
			dependencies = (
			);
			name = MyFirstGitHub;
			productName = MyFirstGitHub;
			productReference = 4E0208A11C1128740079868D /* MyFirstGitHub.app */;
			productType = "com.apple.product-type.application";
		};
		4E0208B91C1128740079868D /* MyFirstGitHubTests */ = {
			isa = PBXNativeTarget;
			buildConfigurationList = 4E0208C71C1128740079868D /* Build configuration list for PBXNativeTarget "MyFirstGitHubTests" */;
			buildPhases = (
				4E0208B61C1128740079868D /* Sources */,
				4E0208B71C1128740079868D /* Frameworks */,
				4E0208B81C1128740079868D /* Resources */,
			);
			buildRules = (
			);
			dependencies = (
				4E0208BC1C1128740079868D /* PBXTargetDependency */,
			);
			name = MyFirstGitHubTests;
			productName = MyFirstGitHubTests;
			productReference = 4E0208BA1C1128740079868D /* MyFirstGitHubTests.xctest */;
			productType = "com.apple.product-type.bundle.unit-test";
		};
/* End PBXNativeTarget section */

/* Begin PBXProject section */
		4E0208991C1128740079868D /* Project object */ = {
			isa = PBXProject;
			attributes = {
				LastUpgradeCheck = 0600;
				ORGANIZATIONNAME = "周晓丽";
				TargetAttributes = {
					4E0208A01C1128740079868D = {
						CreatedOnToolsVersion = 6.0.1;
					};
					4E0208B91C1128740079868D = {
						CreatedOnToolsVersion = 6.0.1;
						TestTargetID = 4E0208A01C1128740079868D;
					};
				};
			};
			buildConfigurationList = 4E02089C1C1128740079868D /* Build configuration list for PBXProject "MyFirstGitHub" */;
			compatibilityVersion = "Xcode 3.2";
			developmentRegion = English;
			hasScannedForEncodings = 0;
			knownRegions = (
				en,
				Base,
			);
			mainGroup = 4E0208981C1128740079868D;
			productRefGroup = 4E0208A21C1128740079868D /* Products */;
			projectDirPath = "";
			projectRoot = "";
			targets = (
				4E0208A01C1128740079868D /* MyFirstGitHub */,
				4E0208B91C1128740079868D /* MyFirstGitHubTests */,
			);
		};
/* End PBXProject section */

/* Begin PBXResourcesBuildPhase section */
		4E02089F1C1128740079868D /* Resources */ = {
			isa = PBXResourcesBuildPhase;
			buildActionMask = 2147483647;
			files = (
				4E0208B01C1128740079868D /* Main.storyboard in Resources */,
				4E0208B51C1128740079868D /* LaunchScreen.xib in Resources */,
				4E0208B21C1128740079868D /* Images.xcassets in Resources */,
			);
			runOnlyForDeploymentPostprocessing = 0;
		};
		4E0208B81C1128740079868D /* Resources */ = {
			isa = PBXResourcesBuildPhase;
			buildActionMask = 2147483647;
			files = (
			);
			runOnlyForDeploymentPostprocessing = 0;
		};
/* End PBXResourcesBuildPhase section */

/* Begin PBXSourcesBuildPhase section */
		4E02089D1C1128740079868D /* Sources */ = {
			isa = PBXSourcesBuildPhase;
			buildActionMask = 2147483647;
			files = (
				4E0208AD1C1128740079868D /* ViewController.m in Sources */,
				4E0208AA1C1128740079868D /* AppDelegate.m in Sources */,
				4E0208A71C1128740079868D /* main.m in Sources */,
			);
			runOnlyForDeploymentPostprocessing = 0;
		};
		4E0208B61C1128740079868D /* Sources */ = {
			isa = PBXSourcesBuildPhase;
			buildActionMask = 2147483647;
			files = (
				4E0208C11C1128740079868D /* MyFirstGitHubTests.m in Sources */,
			);
			runOnlyForDeploymentPostprocessing = 0;
		};
/* End PBXSourcesBuildPhase section */

/* Begin PBXTargetDependency section */
		4E0208BC1C1128740079868D /* PBXTargetDependency */ = {
			isa = PBXTargetDependency;
			target = 4E0208A01C1128740079868D /* MyFirstGitHub */;
			targetProxy = 4E0208BB1C1128740079868D /* PBXContainerItemProxy */;
		};
/* End PBXTargetDependency section */

/* Begin PBXVariantGroup section */
		4E0208AE1C1128740079868D /* Main.storyboard */ = {
			isa = PBXVariantGroup;
			children = (
				4E0208AF1C1128740079868D /* Base */,
			);
			name = Main.storyboard;
			sourceTree = "<group>";
		};
		4E0208B31C1128740079868D /* LaunchScreen.xib */ = {
			isa = PBXVariantGroup;
			children = (
				4E0208B41C1128740079868D /* Base */,
			);
			name = LaunchScreen.xib;
			sourceTree = "<group>";
		};
/* End PBXVariantGroup section */

/* Begin XCBuildConfiguration section */
		4E0208C21C1128740079868D /* Debug */ = {
			isa = XCBuildConfiguration;
			buildSettings = {
				ALWAYS_SEARCH_USER_PATHS = NO;
				CLANG_CXX_LANGUAGE_STANDARD = "gnu++0x";
				CLANG_CXX_LIBRARY = "libc++";
				CLANG_ENABLE_MODULES = YES;
				CLANG_ENABLE_OBJC_ARC = YES;
				CLANG_WARN_BOOL_CONVERSION = YES;
				CLANG_WARN_CONSTANT_CONVERSION = YES;
				CLANG_WARN_DIRECT_OBJC_ISA_USAGE = YES_ERROR;
				CLANG_WARN_EMPTY_BODY = YES;
				CLANG_WARN_ENUM_CONVERSION = YES;
				CLANG_WARN_INT_CONVERSION = YES;
				CLANG_WARN_OBJC_ROOT_CLASS = YES_ERROR;
				CLANG_WARN_UNREACHABLE_CODE = YES;
				CLANG_WARN__DUPLICATE_METHOD_MATCH = YES;
				"CODE_SIGN_IDENTITY[sdk=iphoneos*]" = "iPhone Developer";
				COPY_PHASE_STRIP = NO;
				ENABLE_STRICT_OBJC_MSGSEND = YES;
				GCC_C_LANGUAGE_STANDARD = gnu99;
				GCC_DYNAMIC_NO_PIC = NO;
				GCC_OPTIMIZATION_LEVEL = 0;
				GCC_PREPROCESSOR_DEFINITIONS = (
					"DEBUG=1",
					"$(inherited)",
				);
				GCC_SYMBOLS_PRIVATE_EXTERN = NO;
				GCC_WARN_64_TO_32_BIT_CONVERSION = YES;
				GCC_WARN_ABOUT_RETURN_TYPE = YES_ERROR;
				GCC_WARN_UNDECLARED_SELECTOR = YES;
				GCC_WARN_UNINITIALIZED_AUTOS = YES_AGGRESSIVE;
				GCC_WARN_UNUSED_FUNCTION = YES;
				GCC_WARN_UNUSED_VARIABLE = YES;
				IPHONEOS_DEPLOYMENT_TARGET = 8.0;
				MTL_ENABLE_DEBUG_INFO = YES;
				ONLY_ACTIVE_ARCH = YES;
				SDKROOT = iphoneos;
			};
			name = Debug;
		};
		4E0208C31C1128740079868D /* Release */ = {
			isa = XCBuildConfiguration;
			buildSettings = {
				ALWAYS_SEARCH_USER_PATHS = NO;
				CLANG_CXX_LANGUAGE_STANDARD = "gnu++0x";
				CLANG_CXX_LIBRARY = "libc++";
				CLANG_ENABLE_MODULES = YES;
				CLANG_ENABLE_OBJC_ARC = YES;
				CLANG_WARN_BOOL_CONVERSION = YES;
				CLANG_WARN_CONSTANT_CONVERSION = YES;
				CLANG_WARN_DIRECT_OBJC_ISA_USAGE = YES_ERROR;
				CLANG_WARN_EMPTY_BODY = YES;
				CLANG_WARN_ENUM_CONVERSION = YES;
				CLANG_WARN_INT_CONVERSION = YES;
				CLANG_WARN_OBJC_ROOT_CLASS = YES_ERROR;
				CLANG_WARN_UNREACHABLE_CODE = YES;
				CLANG_WARN__DUPLICATE_METHOD_MATCH = YES;
				"CODE_SIGN_IDENTITY[sdk=iphoneos*]" = "iPhone Developer";
				COPY_PHASE_STRIP = YES;
				ENABLE_NS_ASSERTIONS = NO;
				ENABLE_STRICT_OBJC_MSGSEND = YES;
				GCC_C_LANGUAGE_STANDARD = gnu99;
				GCC_WARN_64_TO_32_BIT_CONVERSION = YES;
				GCC_WARN_ABOUT_RETURN_TYPE = YES_ERROR;
				GCC_WARN_UNDECLARED_SELECTOR = YES;
				GCC_WARN_UNINITIALIZED_AUTOS = YES_AGGRESSIVE;
				GCC_WARN_UNUSED_FUNCTION = YES;
				GCC_WARN_UNUSED_VARIABLE = YES;
				IPHONEOS_DEPLOYMENT_TARGET = 8.0;
				MTL_ENABLE_DEBUG_INFO = NO;
				SDKROOT = iphoneos;
				VALIDATE_PRODUCT = YES;
			};
			name = Release;
		};
		4E0208C51C1128740079868D /* Debug */ = {
			isa = XCBuildConfiguration;
			buildSettings = {
				ASSETCATALOG_COMPILER_APPICON_NAME = AppIcon;
				INFOPLIST_FILE = MyFirstGitHub/Info.plist;
				LD_RUNPATH_SEARCH_PATHS = "$(inherited) @executable_path/Frameworks";
				PRODUCT_NAME = "$(TARGET_NAME)";
			};
			name = Debug;
		};
		4E0208C61C1128740079868D /* Release */ = {
			isa = XCBuildConfiguration;
			buildSettings = {
				ASSETCATALOG_COMPILER_APPICON_NAME = AppIcon;
				INFOPLIST_FILE = MyFirstGitHub/Info.plist;
				LD_RUNPATH_SEARCH_PATHS = "$(inherited) @executable_path/Frameworks";
				PRODUCT_NAME = "$(TARGET_NAME)";
			};
			name = Release;
		};
		4E0208C81C1128740079868D /* Debug */ = {
			isa = XCBuildConfiguration;
			buildSettings = {
				BUNDLE_LOADER = "$(TEST_HOST)";
				FRAMEWORK_SEARCH_PATHS = (
					"$(SDKROOT)/Developer/Library/Frameworks",
					"$(inherited)",
				);
				GCC_PREPROCESSOR_DEFINITIONS = (
					"DEBUG=1",
					"$(inherited)",
				);
				INFOPLIST_FILE = MyFirstGitHubTests/Info.plist;
				LD_RUNPATH_SEARCH_PATHS = "$(inherited) @executable_path/Frameworks @loader_path/Frameworks";
				PRODUCT_NAME = "$(TARGET_NAME)";
				TEST_HOST = "$(BUILT_PRODUCTS_DIR)/MyFirstGitHub.app/MyFirstGitHub";
			};
			name = Debug;
		};
		4E0208C91C1128740079868D /* Release */ = {
			isa = XCBuildConfiguration;
			buildSettings = {
				BUNDLE_LOADER = "$(TEST_HOST)";
				FRAMEWORK_SEARCH_PATHS = (
					"$(SDKROOT)/Developer/Library/Frameworks",
					"$(inherited)",
				);
				INFOPLIST_FILE = MyFirstGitHubTests/Info.plist;
				LD_RUNPATH_SEARCH_PATHS = "$(inherited) @executable_path/Frameworks @loader_path/Frameworks";
				PRODUCT_NAME = "$(TARGET_NAME)";
				TEST_HOST = "$(BUILT_PRODUCTS_DIR)/MyFirstGitHub.app/MyFirstGitHub";
			};
			name = Release;
		};
/* End XCBuildConfiguration section */

/* Begin XCConfigurationList section */
		4E02089C1C1128740079868D /* Build configuration list for PBXProject "MyFirstGitHub" */ = {
			isa = XCConfigurationList;
			buildConfigurations = (
				4E0208C21C1128740079868D /* Debug */,
				4E0208C31C1128740079868D /* Release */,
			);
			defaultConfigurationIsVisible = 0;
			defaultConfigurationName = Release;
		};
		4E0208C41C1128740079868D /* Build configuration list for PBXNativeTarget "MyFirstGitHub" */ = {
			isa = XCConfigurationList;
			buildConfigurations = (
				4E0208C51C1128740079868D /* Debug */,
				4E0208C61C1128740079868D /* Release */,
			);
			defaultConfigurationIsVisible = 0;
		};
		4E0208C71C1128740079868D /* Build configuration list for PBXNativeTarget "MyFirstGitHubTests" */ = {
			isa = XCConfigurationList;
			buildConfigurations = (
				4E0208C81C1128740079868D /* Debug */,
				4E0208C91C1128740079868D /* Release */,
			);
			defaultConfigurationIsVisible = 0;
		};
/* End XCConfigurationList section */
	};
	rootObject = 4E0208991C1128740079868D /* Project object */;
}
